
Microsoft Visual Studio Solution File, Format Version 12.00
# Visual Studio 15
VisualStudioVersion = 15.0.28307.168
MinimumVisualStudioVersion = 10.0.40219.1
Project("{FAE04EC0-301F-11D3-BF4B-00C04F79EFBC}") = "StopSign-Almost", "StopSign-Almost\StopSign-Almost.csproj", "{ECEDFA87-F194-4A34-8058-A3BBECCECC8F}"
EndProject
Global
	GlobalSection(SolutionConfigurationPlatforms) = preSolution
		Debug|Any CPU = Debug|Any CPU
		Release|Any CPU = Release|Any CPU
	EndGlobalSection
	GlobalSection(ProjectConfigurationPlatforms) = postSolution
		{ECEDFA87-F194-4A34-8058-A3BBECCECC8F}.Debug|Any CPU.ActiveCfg = Debug|Any CPU
		{ECEDFA87-F194-4A34-8058-A3BBECCECC8F}.Debug|Any CPU.Build.0 = Debug|Any CPU
		{ECEDFA87-F194-4A34-8058-A3BBECCECC8F}.Release|Any CPU.ActiveCfg = Release|Any CPU
		{ECEDFA87-F194-4A34-8058-A3BBECCECC8F}.Release|Any CPU.Build.0 = Release|Any CPU
	EndGlobalSection
	GlobalSection(SolutionProperties) = preSolution
		HideSolutionNode = FALSE
	EndGlobalSection
	GlobalSection(ExtensibilityGlobals) = postSolution
		SolutionGuid = {05CB9E42-2325-4A56-AFB6-D4A229EE1AF6}
	EndGlobalSection
EndGlobal
